
Microsoft Visual Studio Solution File, Format Version 12.00
# Visual Studio Version 17
VisualStudioVersion = 17.1.32210.238
MinimumVisualStudioVersion = 10.0.40219.1
Project("{FAE04EC0-301F-11D3-BF4B-00C04F79EFBC}") = "Harjoitus_06_SalasananTarkistus", "Harjoitus_06_SalasananTarkistus\Harjoitus_06_SalasananTarkistus.csproj", "{E16A6939-C941-44A4-8115-F21A4596BDCD}"
EndProject
Global
	GlobalSection(SolutionConfigurationPlatforms) = preSolution
		Debug|Any CPU = Debug|Any CPU
		Release|Any CPU = Release|Any CPU
	EndGlobalSection
	GlobalSection(ProjectConfigurationPlatforms) = postSolution
		{E16A6939-C941-44A4-8115-F21A4596BDCD}.Debug|Any CPU.ActiveCfg = Debug|Any CPU
		{E16A6939-C941-44A4-8115-F21A4596BDCD}.Debug|Any CPU.Build.0 = Debug|Any CPU
		{E16A6939-C941-44A4-8115-F21A4596BDCD}.Release|Any CPU.ActiveCfg = Release|Any CPU
		{E16A6939-C941-44A4-8115-F21A4596BDCD}.Release|Any CPU.Build.0 = Release|Any CPU
	EndGlobalSection
	GlobalSection(SolutionProperties) = preSolution
		HideSolutionNode = FALSE
	EndGlobalSection
	GlobalSection(ExtensibilityGlobals) = postSolution
		SolutionGuid = {AD940FB8-1231-404D-A28D-03D3DE47116B}
	EndGlobalSection
EndGlobal
